
Microsoft Visual Studio Solution File, Format Version 12.00
# Visual Studio Express 2012 for Windows 8
Project("{FAE04EC0-301F-11D3-BF4B-00C04F79EFBC}") = "BugSense-W8", "BugSense-W8.csproj", "{1047115E-9D75-48EE-83B7-751F174CB229}"
EndProject
Project("{FAE04EC0-301F-11D3-BF4B-00C04F79EFBC}") = "BugSense_Tests", "..\BugSense-W8_Tests\BugSense_Tests.csproj", "{69FB7176-8691-4333-B3EB-14E00506BE83}"
EndProject
Project("{FAE04EC0-301F-11D3-BF4B-00C04F79EFBC}") = "App2", "..\..\..\w8Projects\App2\App2.csproj", "{942B5B09-7761-486C-86A2-5C0949BE643F}"
EndProject
Global
	GlobalSection(SolutionConfigurationPlatforms) = preSolution
		Debug|Any CPU = Debug|Any CPU
		Debug|ARM = Debug|ARM
		Debug|x64 = Debug|x64
		Debug|x86 = Debug|x86
		Release|Any CPU = Release|Any CPU
		Release|ARM = Release|ARM
		Release|x64 = Release|x64
		Release|x86 = Release|x86
	EndGlobalSection
	GlobalSection(ProjectConfigurationPlatforms) = postSolution
		{1047115E-9D75-48EE-83B7-751F174CB229}.Debug|Any CPU.ActiveCfg = Debug|Any CPU
		{1047115E-9D75-48EE-83B7-751F174CB229}.Debug|Any CPU.Build.0 = Debug|Any CPU
		{1047115E-9D75-48EE-83B7-751F174CB229}.Debug|ARM.ActiveCfg = Debug|ARM
		{1047115E-9D75-48EE-83B7-751F174CB229}.Debug|ARM.Build.0 = Debug|ARM
		{1047115E-9D75-48EE-83B7-751F174CB229}.Debug|x64.ActiveCfg = Debug|x64
		{1047115E-9D75-48EE-83B7-751F174CB229}.Debug|x64.Build.0 = Debug|x64
		{1047115E-9D75-48EE-83B7-751F174CB229}.Debug|x86.ActiveCfg = Debug|x86
		{1047115E-9D75-48EE-83B7-751F174CB229}.Debug|x86.Build.0 = Debug|x86
		{1047115E-9D75-48EE-83B7-751F174CB229}.Release|Any CPU.ActiveCfg = Release|Any CPU
		{1047115E-9D75-48EE-83B7-751F174CB229}.Release|Any CPU.Build.0 = Release|Any CPU
		{1047115E-9D75-48EE-83B7-751F174CB229}.Release|ARM.ActiveCfg = Release|ARM
		{1047115E-9D75-48EE-83B7-751F174CB229}.Release|ARM.Build.0 = Release|ARM
		{1047115E-9D75-48EE-83B7-751F174CB229}.Release|x64.ActiveCfg = Release|x64
		{1047115E-9D75-48EE-83B7-751F174CB229}.Release|x64.Build.0 = Release|x64
		{1047115E-9D75-48EE-83B7-751F174CB229}.Release|x86.ActiveCfg = Release|x86
		{1047115E-9D75-48EE-83B7-751F174CB229}.Release|x86.Build.0 = Release|x86
		{69FB7176-8691-4333-B3EB-14E00506BE83}.Debug|Any CPU.ActiveCfg = Debug|Any CPU
		{69FB7176-8691-4333-B3EB-14E00506BE83}.Debug|Any CPU.Build.0 = Debug|Any CPU
		{69FB7176-8691-4333-B3EB-14E00506BE83}.Debug|Any CPU.Deploy.0 = Debug|Any CPU
		{69FB7176-8691-4333-B3EB-14E00506BE83}.Debug|ARM.ActiveCfg = Debug|ARM
		{69FB7176-8691-4333-B3EB-14E00506BE83}.Debug|ARM.Build.0 = Debug|ARM
		{69FB7176-8691-4333-B3EB-14E00506BE83}.Debug|ARM.Deploy.0 = Debug|ARM
		{69FB7176-8691-4333-B3EB-14E00506BE83}.Debug|x64.ActiveCfg = Debug|x64
		{69FB7176-8691-4333-B3EB-14E00506BE83}.Debug|x64.Build.0 = Debug|x64
		{69FB7176-8691-4333-B3EB-14E00506BE83}.Debug|x64.Deploy.0 = Debug|x64
		{69FB7176-8691-4333-B3EB-14E00506BE83}.Debug|x86.ActiveCfg = Debug|x86
		{69FB7176-8691-4333-B3EB-14E00506BE83}.Debug|x86.Build.0 = Debug|x86
		{69FB7176-8691-4333-B3EB-14E00506BE83}.Debug|x86.Deploy.0 = Debug|x86
		{69FB7176-8691-4333-B3EB-14E00506BE83}.Release|Any CPU.ActiveCfg = Release|Any CPU
		{69FB7176-8691-4333-B3EB-14E00506BE83}.Release|Any CPU.Build.0 = Release|Any CPU
		{69FB7176-8691-4333-B3EB-14E00506BE83}.Release|Any CPU.Deploy.0 = Release|Any CPU
		{69FB7176-8691-4333-B3EB-14E00506BE83}.Release|ARM.ActiveCfg = Release|ARM
		{69FB7176-8691-4333-B3EB-14E00506BE83}.Release|ARM.Build.0 = Release|ARM
		{69FB7176-8691-4333-B3EB-14E00506BE83}.Release|ARM.Deploy.0 = Release|ARM
		{69FB7176-8691-4333-B3EB-14E00506BE83}.Release|x64.ActiveCfg = Release|x64
		{69FB7176-8691-4333-B3EB-14E00506BE83}.Release|x64.Build.0 = Release|x64
		{69FB7176-8691-4333-B3EB-14E00506BE83}.Release|x64.Deploy.0 = Release|x64
		{69FB7176-8691-4333-B3EB-14E00506BE83}.Release|x86.ActiveCfg = Release|x86
		{69FB7176-8691-4333-B3EB-14E00506BE83}.Release|x86.Build.0 = Release|x86
		{69FB7176-8691-4333-B3EB-14E00506BE83}.Release|x86.Deploy.0 = Release|x86
		{942B5B09-7761-486C-86A2-5C0949BE643F}.Debug|Any CPU.ActiveCfg = Debug|Any CPU
		{942B5B09-7761-486C-86A2-5C0949BE643F}.Debug|Any CPU.Build.0 = Debug|Any CPU
		{942B5B09-7761-486C-86A2-5C0949BE643F}.Debug|Any CPU.Deploy.0 = Debug|Any CPU
		{942B5B09-7761-486C-86A2-5C0949BE643F}.Debug|ARM.ActiveCfg = Debug|ARM
		{942B5B09-7761-486C-86A2-5C0949BE643F}.Debug|ARM.Build.0 = Debug|ARM
		{942B5B09-7761-486C-86A2-5C0949BE643F}.Debug|ARM.Deploy.0 = Debug|ARM
		{942B5B09-7761-486C-86A2-5C0949BE643F}.Debug|x64.ActiveCfg = Debug|x64
		{942B5B09-7761-486C-86A2-5C0949BE643F}.Debug|x64.Build.0 = Debug|x64
		{942B5B09-7761-486C-86A2-5C0949BE643F}.Debug|x64.Deploy.0 = Debug|x64
		{942B5B09-7761-486C-86A2-5C0949BE643F}.Debug|x86.ActiveCfg = Debug|x86
		{942B5B09-7761-486C-86A2-5C0949BE643F}.Debug|x86.Build.0 = Debug|x86
		{942B5B09-7761-486C-86A2-5C0949BE643F}.Debug|x86.Deploy.0 = Debug|x86
		{942B5B09-7761-486C-86A2-5C0949BE643F}.Release|Any CPU.ActiveCfg = Release|Any CPU
		{942B5B09-7761-486C-86A2-5C0949BE643F}.Release|Any CPU.Build.0 = Release|Any CPU
		{942B5B09-7761-486C-86A2-5C0949BE643F}.Release|Any CPU.Deploy.0 = Release|Any CPU
		{942B5B09-7761-486C-86A2-5C0949BE643F}.Release|ARM.ActiveCfg = Release|ARM
		{942B5B09-7761-486C-86A2-5C0949BE643F}.Release|ARM.Build.0 = Release|ARM
		{942B5B09-7761-486C-86A2-5C0949BE643F}.Release|ARM.Deploy.0 = Release|ARM
		{942B5B09-7761-486C-86A2-5C0949BE643F}.Release|x64.ActiveCfg = Release|x64
		{942B5B09-7761-486C-86A2-5C0949BE643F}.Release|x64.Build.0 = Release|x64
		{942B5B09-7761-486C-86A2-5C0949BE643F}.Release|x64.Deploy.0 = Release|x64
		{942B5B09-7761-486C-86A2-5C0949BE643F}.Release|x86.ActiveCfg = Release|x86
		{942B5B09-7761-486C-86A2-5C0949BE643F}.Release|x86.Build.0 = Release|x86
		{942B5B09-7761-486C-86A2-5C0949BE643F}.Release|x86.Deploy.0 = Release|x86
	EndGlobalSection
	GlobalSection(SolutionProperties) = preSolution
		HideSolutionNode = FALSE
	EndGlobalSection
EndGlobal
